
Microsoft Visual Studio Solution File, Format Version 12.00
# Visual Studio Version 16
VisualStudioVersion = 16.0.30330.147
MinimumVisualStudioVersion = 10.0.40219.1
Project("{FAE04EC0-301F-11D3-BF4B-00C04F79EFBC}") = "Quad Wheel Junction", "Quad Wheel Junction\Quad Wheel Junction.csproj", "{89B43C30-DDBC-4D33-9008-939BC5A19ABA}"
EndProject
Project("{FAE04EC0-301F-11D3-BF4B-00C04F79EFBC}") = "Bussiness Layer", "Bussiness Layer\Bussiness Layer.csproj", "{4C9DB83A-79C6-493A-B9FE-8F82E090DB7F}"
EndProject
Project("{FAE04EC0-301F-11D3-BF4B-00C04F79EFBC}") = "Data Layer", "Data Layer\Data Layer.csproj", "{D5B6DA13-C037-4F7A-81AF-40B6F86F2BA0}"
EndProject
Global
	GlobalSection(SolutionConfigurationPlatforms) = preSolution
		Debug|Any CPU = Debug|Any CPU
		Release|Any CPU = Release|Any CPU
	EndGlobalSection
	GlobalSection(ProjectConfigurationPlatforms) = postSolution
		{89B43C30-DDBC-4D33-9008-939BC5A19ABA}.Debug|Any CPU.ActiveCfg = Debug|Any CPU
		{89B43C30-DDBC-4D33-9008-939BC5A19ABA}.Debug|Any CPU.Build.0 = Debug|Any CPU
		{89B43C30-DDBC-4D33-9008-939BC5A19ABA}.Release|Any CPU.ActiveCfg = Release|Any CPU
		{89B43C30-DDBC-4D33-9008-939BC5A19ABA}.Release|Any CPU.Build.0 = Release|Any CPU
		{4C9DB83A-79C6-493A-B9FE-8F82E090DB7F}.Debug|Any CPU.ActiveCfg = Debug|Any CPU
		{4C9DB83A-79C6-493A-B9FE-8F82E090DB7F}.Debug|Any CPU.Build.0 = Debug|Any CPU
		{4C9DB83A-79C6-493A-B9FE-8F82E090DB7F}.Release|Any CPU.ActiveCfg = Release|Any CPU
		{4C9DB83A-79C6-493A-B9FE-8F82E090DB7F}.Release|Any CPU.Build.0 = Release|Any CPU
		{D5B6DA13-C037-4F7A-81AF-40B6F86F2BA0}.Debug|Any CPU.ActiveCfg = Debug|Any CPU
		{D5B6DA13-C037-4F7A-81AF-40B6F86F2BA0}.Debug|Any CPU.Build.0 = Debug|Any CPU
		{D5B6DA13-C037-4F7A-81AF-40B6F86F2BA0}.Release|Any CPU.ActiveCfg = Release|Any CPU
		{D5B6DA13-C037-4F7A-81AF-40B6F86F2BA0}.Release|Any CPU.Build.0 = Release|Any CPU
	EndGlobalSection
	GlobalSection(SolutionProperties) = preSolution
		HideSolutionNode = FALSE
	EndGlobalSection
	GlobalSection(ExtensibilityGlobals) = postSolution
		SolutionGuid = {F823BAA6-CEAE-47F4-B400-C1B6403305C1}
	EndGlobalSection
EndGlobal
